
Microsoft Visual Studio Solution File, Format Version 12.00
# Visual Studio Version 17
VisualStudioVersion = 17.14.36616.10 d17.14
MinimumVisualStudioVersion = 10.0.40219.1
Project("{FAE04EC0-301F-11D3-BF4B-00C04F79EFBC}") = "SistemaNotasEscolares", "SistemaNotasEscolares.csproj", "{DA457014-0BD1-4045-B108-BA51041CC037}"
EndProject
Global
	GlobalSection(SolutionConfigurationPlatforms) = preSolution
		Debug|Any CPU = Debug|Any CPU
		Release|Any CPU = Release|Any CPU
	EndGlobalSection
	GlobalSection(ProjectConfigurationPlatforms) = postSolution
		{DA457014-0BD1-4045-B108-BA51041CC037}.Debug|Any CPU.ActiveCfg = Debug|Any CPU
		{DA457014-0BD1-4045-B108-BA51041CC037}.Debug|Any CPU.Build.0 = Debug|Any CPU
		{DA457014-0BD1-4045-B108-BA51041CC037}.Release|Any CPU.ActiveCfg = Release|Any CPU
		{DA457014-0BD1-4045-B108-BA51041CC037}.Release|Any CPU.Build.0 = Release|Any CPU
	EndGlobalSection
	GlobalSection(SolutionProperties) = preSolution
		HideSolutionNode = FALSE
	EndGlobalSection
	GlobalSection(ExtensibilityGlobals) = postSolution
		SolutionGuid = {E094B5CF-61BC-41F5-9CC3-4C4BED7CE78F}
	EndGlobalSection
EndGlobal
